
Microsoft Visual Studio Solution File, Format Version 12.00
# Visual Studio Version 16
VisualStudioVersion = 16.0.34301.259
MinimumVisualStudioVersion = 10.0.40219.1
Project("{FAE04EC0-301F-11D3-BF4B-00C04F79EFBC}") = "MCPApp", "MCPApp\MCPApp.csproj", "{CF1C9252-948E-4326-B0D1-498775210733}"
EndProject
Project("{FAE04EC0-301F-11D3-BF4B-00C04F79EFBC}") = "EncryptionConsoleApp", "EncryptionConsoleApp\EncryptionConsoleApp.csproj", "{8CA69922-E865-46AE-9FAF-B31A5FBAC593}"
EndProject
Global
	GlobalSection(SolutionConfigurationPlatforms) = preSolution
		Debug|Any CPU = Debug|Any CPU
		Release|Any CPU = Release|Any CPU
	EndGlobalSection
	GlobalSection(ProjectConfigurationPlatforms) = postSolution
		{CF1C9252-948E-4326-B0D1-498775210733}.Debug|Any CPU.ActiveCfg = Debug|Any CPU
		{CF1C9252-948E-4326-B0D1-498775210733}.Debug|Any CPU.Build.0 = Debug|Any CPU
		{CF1C9252-948E-4326-B0D1-498775210733}.Release|Any CPU.ActiveCfg = Release|Any CPU
		{CF1C9252-948E-4326-B0D1-498775210733}.Release|Any CPU.Build.0 = Release|Any CPU
		{8CA69922-E865-46AE-9FAF-B31A5FBAC593}.Debug|Any CPU.ActiveCfg = Debug|Any CPU
		{8CA69922-E865-46AE-9FAF-B31A5FBAC593}.Debug|Any CPU.Build.0 = Debug|Any CPU
		{8CA69922-E865-46AE-9FAF-B31A5FBAC593}.Release|Any CPU.ActiveCfg = Release|Any CPU
		{8CA69922-E865-46AE-9FAF-B31A5FBAC593}.Release|Any CPU.Build.0 = Release|Any CPU
	EndGlobalSection
	GlobalSection(SolutionProperties) = preSolution
		HideSolutionNode = FALSE
	EndGlobalSection
	GlobalSection(ExtensibilityGlobals) = postSolution
		SolutionGuid = {A3F06B08-9B15-4D75-ACF6-4A28A02C7B2D}
	EndGlobalSection
EndGlobal
